{
  "pins" : [
    {
      "identity" : "swiftimagehash",
      "kind" : "remoteSourceControl",
      "location" : "https://github.com/TokyoWolFrog/swiftimagehash.git",
      "state" : {
        "revision" : "22aa1fb9c2e4351099988145f94f9270b8932a12",
        "version" : "0.1.4"
      }
    },
    {
      "identity" : "swiftphashbktree",
      "kind" : "remoteSourceControl",
      "location" : "https://github.com/TokyoWolFrog/SwiftPhashBKtree.git",
      "state" : {
        "revision" : "f5f4f93e7942c14bc1826afefc1b064cbba807cf",
        "version" : "0.1.1"
      }
    }
  ],
  "version" : 2
}
