// !$*UTF8*$!
{
	archiveVersion = 1;
	classes = {
	};
	objectVersion = 56;
	objects = {

/* Begin PBXBuildFile section */
		741A611A2C00DE8F002EC67D /* OfflinePhotoCleanerApp.swift in Sources */ = {isa = PBXBuildFile; fileRef = 741A61192C00DE8F002EC67D /* OfflinePhotoCleanerApp.swift */; };
		741A611C2C00DE8F002EC67D /* ContentView.swift in Sources */ = {isa = PBXBuildFile; fileRef = 741A611B2C00DE8F002EC67D /* ContentView.swift */; };
		741A61202C00DE90002EC67D /* Assets.xcassets in Resources */ = {isa = PBXBuildFile; fileRef = 741A611F2C00DE90002EC67D /* Assets.xcassets */; };
		741A61232C00DE90002EC67D /* Preview Assets.xcassets in Resources */ = {isa = PBXBuildFile; fileRef = 741A61222C00DE90002EC67D /* Preview Assets.xcassets */; };
		741A612C2C00E9DC002EC67D /* PhashProcessor.swift in Sources */ = {isa = PBXBuildFile; fileRef = 741A612B2C00E9DC002EC67D /* PhashProcessor.swift */; };
		741A61332C00F155002EC67D /* SwiftImageHash in Frameworks */ = {isa = PBXBuildFile; productRef = 741A61322C00F155002EC67D /* SwiftImageHash */; };
		741A61362C00F3D1002EC67D /* SwiftImageHash in Frameworks */ = {isa = PBXBuildFile; productRef = 741A61352C00F3D1002EC67D /* SwiftImageHash */; };
		741A61392C00F609002EC67D /* SwiftPhashBKtree in Frameworks */ = {isa = PBXBuildFile; productRef = 741A61382C00F609002EC67D /* SwiftPhashBKtree */; };
		741A613F2C04B341002EC67D /* BKtree.swift in Sources */ = {isa = PBXBuildFile; fileRef = 741A613E2C04B341002EC67D /* BKtree.swift */; };
		741A61412C056427002EC67D /* PhotoPermission.swift in Sources */ = {isa = PBXBuildFile; fileRef = 741A61402C056427002EC67D /* PhotoPermission.swift */; };
		741A61472C0845F3002EC67D /* GroupedPhotoView.swift in Sources */ = {isa = PBXBuildFile; fileRef = 741A61462C0845F3002EC67D /* GroupedPhotoView.swift */; };
		741A61492C08A4D5002EC67D /* ScanPhotoView.swift in Sources */ = {isa = PBXBuildFile; fileRef = 741A61482C08A4D5002EC67D /* ScanPhotoView.swift */; };
		741A614E2C0CBC58002EC67D /* PhotoPickerView.swift in Sources */ = {isa = PBXBuildFile; fileRef = 741A614D2C0CBC58002EC67D /* PhotoPickerView.swift */; };
		741A61502C0CBEFD002EC67D /* PhotoPicker.swift in Sources */ = {isa = PBXBuildFile; fileRef = 741A614F2C0CBEFD002EC67D /* PhotoPicker.swift */; };
/* End PBXBuildFile section */

/* Begin PBXFileReference section */
		741A61162C00DE8F002EC67D /* OfflinePhotoCleaner.app */ = {isa = PBXFileReference; explicitFileType = wrapper.application; includeInIndex = 0; path = OfflinePhotoCleaner.app; sourceTree = BUILT_PRODUCTS_DIR; };
		741A61192C00DE8F002EC67D /* OfflinePhotoCleanerApp.swift */ = {isa = PBXFileReference; lastKnownFileType = sourcecode.swift; path = OfflinePhotoCleanerApp.swift; sourceTree = "<group>"; };
		741A611B2C00DE8F002EC67D /* ContentView.swift */ = {isa = PBXFileReference; lastKnownFileType = sourcecode.swift; path = ContentView.swift; sourceTree = "<group>"; };
		741A611F2C00DE90002EC67D /* Assets.xcassets */ = {isa = PBXFileReference; lastKnownFileType = folder.assetcatalog; path = Assets.xcassets; sourceTree = "<group>"; };
		741A61222C00DE90002EC67D /* Preview Assets.xcassets */ = {isa = PBXFileReference; lastKnownFileType = folder.assetcatalog; path = "Preview Assets.xcassets"; sourceTree = "<group>"; };
		741A612B2C00E9DC002EC67D /* PhashProcessor.swift */ = {isa = PBXFileReference; lastKnownFileType = sourcecode.swift; path = PhashProcessor.swift; sourceTree = "<group>"; };
		741A613E2C04B341002EC67D /* BKtree.swift */ = {isa = PBXFileReference; lastKnownFileType = sourcecode.swift; path = BKtree.swift; sourceTree = "<group>"; };
		741A61402C056427002EC67D /* PhotoPermission.swift */ = {isa = PBXFileReference; lastKnownFileType = sourcecode.swift; path = PhotoPermission.swift; sourceTree = "<group>"; };
		741A61462C0845F3002EC67D /* GroupedPhotoView.swift */ = {isa = PBXFileReference; lastKnownFileType = sourcecode.swift; path = GroupedPhotoView.swift; sourceTree = "<group>"; };
		741A61482C08A4D5002EC67D /* ScanPhotoView.swift */ = {isa = PBXFileReference; lastKnownFileType = sourcecode.swift; path = ScanPhotoView.swift; sourceTree = "<group>"; };
		741A614D2C0CBC58002EC67D /* PhotoPickerView.swift */ = {isa = PBXFileReference; lastKnownFileType = sourcecode.swift; path = PhotoPickerView.swift; sourceTree = "<group>"; };
		741A614F2C0CBEFD002EC67D /* PhotoPicker.swift */ = {isa = PBXFileReference; lastKnownFileType = sourcecode.swift; path = PhotoPicker.swift; sourceTree = "<group>"; };
/* End PBXFileReference section */

/* Begin PBXFrameworksBuildPhase section */
		741A61132C00DE8F002EC67D /* Frameworks */ = {
			isa = PBXFrameworksBuildPhase;
			buildActionMask = 2147483647;
			files = (
				741A61362C00F3D1002EC67D /* SwiftImageHash in Frameworks */,
				741A61332C00F155002EC67D /* SwiftImageHash in Frameworks */,
				741A61392C00F609002EC67D /* SwiftPhashBKtree in Frameworks */,
			);
			runOnlyForDeploymentPostprocessing = 0;
		};
/* End PBXFrameworksBuildPhase section */

/* Begin PBXGroup section */
		741A610D2C00DE8F002EC67D = {
			isa = PBXGroup;
			children = (
				741A61182C00DE8F002EC67D /* OfflinePhotoCleaner */,
				741A61172C00DE8F002EC67D /* Products */,
				741A61342C00F1DA002EC67D /* Frameworks */,
			);
			sourceTree = "<group>";
		};
		741A61172C00DE8F002EC67D /* Products */ = {
			isa = PBXGroup;
			children = (
				741A61162C00DE8F002EC67D /* OfflinePhotoCleaner.app */,
			);
			name = Products;
			sourceTree = "<group>";
		};
		741A61182C00DE8F002EC67D /* OfflinePhotoCleaner */ = {
			isa = PBXGroup;
			children = (
				741A61192C00DE8F002EC67D /* OfflinePhotoCleanerApp.swift */,
				741A613A2C04A5B7002EC67D /* Models */,
				741A613B2C04A5D0002EC67D /* Views */,
				741A611F2C00DE90002EC67D /* Assets.xcassets */,
				741A61212C00DE90002EC67D /* Preview Content */,
			);
			path = OfflinePhotoCleaner;
			sourceTree = "<group>";
		};
		741A61212C00DE90002EC67D /* Preview Content */ = {
			isa = PBXGroup;
			children = (
				741A61222C00DE90002EC67D /* Preview Assets.xcassets */,
			);
			path = "Preview Content";
			sourceTree = "<group>";
		};
		741A61342C00F1DA002EC67D /* Frameworks */ = {
			isa = PBXGroup;
			children = (
			);
			name = Frameworks;
			sourceTree = "<group>";
		};
		741A613A2C04A5B7002EC67D /* Models */ = {
			isa = PBXGroup;
			children = (
				741A613E2C04B341002EC67D /* BKtree.swift */,
				741A614F2C0CBEFD002EC67D /* PhotoPicker.swift */,
				741A612B2C00E9DC002EC67D /* PhashProcessor.swift */,
				741A61402C056427002EC67D /* PhotoPermission.swift */,
			);
			path = Models;
			sourceTree = "<group>";
		};
		741A613B2C04A5D0002EC67D /* Views */ = {
			isa = PBXGroup;
			children = (
				741A611B2C00DE8F002EC67D /* ContentView.swift */,
				741A61462C0845F3002EC67D /* GroupedPhotoView.swift */,
				741A61482C08A4D5002EC67D /* ScanPhotoView.swift */,
				741A614D2C0CBC58002EC67D /* PhotoPickerView.swift */,
			);
			path = Views;
			sourceTree = "<group>";
		};
/* End PBXGroup section */

/* Begin PBXNativeTarget section */
		741A61152C00DE8F002EC67D /* OfflinePhotoCleaner */ = {
			isa = PBXNativeTarget;
			buildConfigurationList = 741A61262C00DE90002EC67D /* Build configuration list for PBXNativeTarget "OfflinePhotoCleaner" */;
			buildPhases = (
				741A61122C00DE8F002EC67D /* Sources */,
				741A61132C00DE8F002EC67D /* Frameworks */,
				741A61142C00DE8F002EC67D /* Resources */,
			);
			buildRules = (
			);
			dependencies = (
			);
			name = OfflinePhotoCleaner;
			packageProductDependencies = (
				741A61322C00F155002EC67D /* SwiftImageHash */,
				741A61352C00F3D1002EC67D /* SwiftImageHash */,
				741A61382C00F609002EC67D /* SwiftPhashBKtree */,
			);
			productName = OfflinePhotoCleaner;
			productReference = 741A61162C00DE8F002EC67D /* OfflinePhotoCleaner.app */;
			productType = "com.apple.product-type.application";
		};
/* End PBXNativeTarget section */

/* Begin PBXProject section */
		741A610E2C00DE8F002EC67D /* Project object */ = {
			isa = PBXProject;
			attributes = {
				BuildIndependentTargetsInParallel = 1;
				KnownAssetTags = (
					New,
				);
				LastSwiftUpdateCheck = 1520;
				LastUpgradeCheck = 1520;
				TargetAttributes = {
					741A61152C00DE8F002EC67D = {
						CreatedOnToolsVersion = 15.2;
					};
				};
			};
			buildConfigurationList = 741A61112C00DE8F002EC67D /* Build configuration list for PBXProject "OfflinePhotoCleaner" */;
			compatibilityVersion = "Xcode 14.0";
			developmentRegion = en;
			hasScannedForEncodings = 0;
			knownRegions = (
				en,
				Base,
			);
			mainGroup = 741A610D2C00DE8F002EC67D;
			packageReferences = (
				741A612D2C00EE4F002EC67D /* XCRemoteSwiftPackageReference "swiftimagehash" */,
				741A61372C00F609002EC67D /* XCRemoteSwiftPackageReference "SwiftPhashBKtree" */,
			);
			productRefGroup = 741A61172C00DE8F002EC67D /* Products */;
			projectDirPath = "";
			projectRoot = "";
			targets = (
				741A61152C00DE8F002EC67D /* OfflinePhotoCleaner */,
			);
		};
/* End PBXProject section */

/* Begin PBXResourcesBuildPhase section */
		741A61142C00DE8F002EC67D /* Resources */ = {
			isa = PBXResourcesBuildPhase;
			buildActionMask = 2147483647;
			files = (
				741A61232C00DE90002EC67D /* Preview Assets.xcassets in Resources */,
				741A61202C00DE90002EC67D /* Assets.xcassets in Resources */,
			);
			runOnlyForDeploymentPostprocessing = 0;
		};
/* End PBXResourcesBuildPhase section */

/* Begin PBXSourcesBuildPhase section */
		741A61122C00DE8F002EC67D /* Sources */ = {
			isa = PBXSourcesBuildPhase;
			buildActionMask = 2147483647;
			files = (
				741A61492C08A4D5002EC67D /* ScanPhotoView.swift in Sources */,
				741A612C2C00E9DC002EC67D /* PhashProcessor.swift in Sources */,
				741A61472C0845F3002EC67D /* GroupedPhotoView.swift in Sources */,
				741A611C2C00DE8F002EC67D /* ContentView.swift in Sources */,
				741A614E2C0CBC58002EC67D /* PhotoPickerView.swift in Sources */,
				741A61412C056427002EC67D /* PhotoPermission.swift in Sources */,
				741A613F2C04B341002EC67D /* BKtree.swift in Sources */,
				741A61502C0CBEFD002EC67D /* PhotoPicker.swift in Sources */,
				741A611A2C00DE8F002EC67D /* OfflinePhotoCleanerApp.swift in Sources */,
			);
			runOnlyForDeploymentPostprocessing = 0;
		};
/* End PBXSourcesBuildPhase section */

/* Begin XCBuildConfiguration section */
		741A61242C00DE90002EC67D /* Debug */ = {
			isa = XCBuildConfiguration;
			buildSettings = {
				ALWAYS_SEARCH_USER_PATHS = NO;
				ASSETCATALOG_COMPILER_GENERATE_SWIFT_ASSET_SYMBOL_EXTENSIONS = YES;
				CLANG_ANALYZER_NONNULL = YES;
				CLANG_ANALYZER_NUMBER_OBJECT_CONVERSION = YES_AGGRESSIVE;
				CLANG_CXX_LANGUAGE_STANDARD = "gnu++20";
				CLANG_ENABLE_MODULES = YES;
				CLANG_ENABLE_OBJC_ARC = YES;
				CLANG_ENABLE_OBJC_WEAK = YES;
				CLANG_WARN_BLOCK_CAPTURE_AUTORELEASING = YES;
				CLANG_WARN_BOOL_CONVERSION = YES;
				CLANG_WARN_COMMA = YES;
				CLANG_WARN_CONSTANT_CONVERSION = YES;
				CLANG_WARN_DEPRECATED_OBJC_IMPLEMENTATIONS = YES;
				CLANG_WARN_DIRECT_OBJC_ISA_USAGE = YES_ERROR;
				CLANG_WARN_DOCUMENTATION_COMMENTS = YES;
				CLANG_WARN_EMPTY_BODY = YES;
				CLANG_WARN_ENUM_CONVERSION = YES;
				CLANG_WARN_INFINITE_RECURSION = YES;
				CLANG_WARN_INT_CONVERSION = YES;
				CLANG_WARN_NON_LITERAL_NULL_CONVERSION = YES;
				CLANG_WARN_OBJC_IMPLICIT_RETAIN_SELF = YES;
				CLANG_WARN_OBJC_LITERAL_CONVERSION = YES;
				CLANG_WARN_OBJC_ROOT_CLASS = YES_ERROR;
				CLANG_WARN_QUOTED_INCLUDE_IN_FRAMEWORK_HEADER = YES;
				CLANG_WARN_RANGE_LOOP_ANALYSIS = YES;
				CLANG_WARN_STRICT_PROTOTYPES = YES;
				CLANG_WARN_SUSPICIOUS_MOVE = YES;
				CLANG_WARN_UNGUARDED_AVAILABILITY = YES_AGGRESSIVE;
				CLANG_WARN_UNREACHABLE_CODE = YES;
				CLANG_WARN__DUPLICATE_METHOD_MATCH = YES;
				COPY_PHASE_STRIP = NO;
				DEBUG_INFORMATION_FORMAT = dwarf;
				ENABLE_STRICT_OBJC_MSGSEND = YES;
				ENABLE_TESTABILITY = YES;
				ENABLE_USER_SCRIPT_SANDBOXING = YES;
				GCC_C_LANGUAGE_STANDARD = gnu17;
				GCC_DYNAMIC_NO_PIC = NO;
				GCC_NO_COMMON_BLOCKS = YES;
				GCC_OPTIMIZATION_LEVEL = 0;
				GCC_PREPROCESSOR_DEFINITIONS = (
					"DEBUG=1",
					"$(inherited)",
				);
				GCC_WARN_64_TO_32_BIT_CONVERSION = YES;
				GCC_WARN_ABOUT_RETURN_TYPE = YES_ERROR;
				GCC_WARN_UNDECLARED_SELECTOR = YES;
				GCC_WARN_UNINITIALIZED_AUTOS = YES_AGGRESSIVE;
				GCC_WARN_UNUSED_FUNCTION = YES;
				GCC_WARN_UNUSED_VARIABLE = YES;
				INFOPLIST_KEY_NSPhotoLibraryUsageDescription = "このアプリは写真の重複を検出し、整理するために写真ライブラリへのアクセスが必要です。";
				IPHONEOS_DEPLOYMENT_TARGET = 17.2;
				LOCALIZATION_PREFERS_STRING_CATALOGS = YES;
				MTL_ENABLE_DEBUG_INFO = INCLUDE_SOURCE;
				MTL_FAST_MATH = YES;
				ONLY_ACTIVE_ARCH = YES;
				SDKROOT = iphoneos;
				SWIFT_ACTIVE_COMPILATION_CONDITIONS = "DEBUG $(inherited)";
				SWIFT_OPTIMIZATION_LEVEL = "-Onone";
			};
			name = Debug;
		};
		741A61252C00DE90002EC67D /* Release */ = {
			isa = XCBuildConfiguration;
			buildSettings = {
				ALWAYS_SEARCH_USER_PATHS = NO;
				ASSETCATALOG_COMPILER_GENERATE_SWIFT_ASSET_SYMBOL_EXTENSIONS = YES;
				CLANG_ANALYZER_NONNULL = YES;
				CLANG_ANALYZER_NUMBER_OBJECT_CONVERSION = YES_AGGRESSIVE;
				CLANG_CXX_LANGUAGE_STANDARD = "gnu++20";
				CLANG_ENABLE_MODULES = YES;
				CLANG_ENABLE_OBJC_ARC = YES;
				CLANG_ENABLE_OBJC_WEAK = YES;
				CLANG_WARN_BLOCK_CAPTURE_AUTORELEASING = YES;
				CLANG_WARN_BOOL_CONVERSION = YES;
				CLANG_WARN_COMMA = YES;
				CLANG_WARN_CONSTANT_CONVERSION = YES;
				CLANG_WARN_DEPRECATED_OBJC_IMPLEMENTATIONS = YES;
				CLANG_WARN_DIRECT_OBJC_ISA_USAGE = YES_ERROR;
				CLANG_WARN_DOCUMENTATION_COMMENTS = YES;
				CLANG_WARN_EMPTY_BODY = YES;
				CLANG_WARN_ENUM_CONVERSION = YES;
				CLANG_WARN_INFINITE_RECURSION = YES;
				CLANG_WARN_INT_CONVERSION = YES;
				CLANG_WARN_NON_LITERAL_NULL_CONVERSION = YES;
				CLANG_WARN_OBJC_IMPLICIT_RETAIN_SELF = YES;
				CLANG_WARN_OBJC_LITERAL_CONVERSION = YES;
				CLANG_WARN_OBJC_ROOT_CLASS = YES_ERROR;
				CLANG_WARN_QUOTED_INCLUDE_IN_FRAMEWORK_HEADER = YES;
				CLANG_WARN_RANGE_LOOP_ANALYSIS = YES;
				CLANG_WARN_STRICT_PROTOTYPES = YES;
				CLANG_WARN_SUSPICIOUS_MOVE = YES;
				CLANG_WARN_UNGUARDED_AVAILABILITY = YES_AGGRESSIVE;
				CLANG_WARN_UNREACHABLE_CODE = YES;
				CLANG_WARN__DUPLICATE_METHOD_MATCH = YES;
				COPY_PHASE_STRIP = NO;
				DEBUG_INFORMATION_FORMAT = "dwarf-with-dsym";
				ENABLE_NS_ASSERTIONS = NO;
				ENABLE_STRICT_OBJC_MSGSEND = YES;
				ENABLE_USER_SCRIPT_SANDBOXING = YES;
				GCC_C_LANGUAGE_STANDARD = gnu17;
				GCC_NO_COMMON_BLOCKS = YES;
				GCC_WARN_64_TO_32_BIT_CONVERSION = YES;
				GCC_WARN_ABOUT_RETURN_TYPE = YES_ERROR;
				GCC_WARN_UNDECLARED_SELECTOR = YES;
				GCC_WARN_UNINITIALIZED_AUTOS = YES_AGGRESSIVE;
				GCC_WARN_UNUSED_FUNCTION = YES;
				GCC_WARN_UNUSED_VARIABLE = YES;
				INFOPLIST_KEY_NSPhotoLibraryUsageDescription = "このアプリは写真の重複を検出し、整理するために写真ライブラリへのアクセスが必要です。";
				IPHONEOS_DEPLOYMENT_TARGET = 17.2;
				LOCALIZATION_PREFERS_STRING_CATALOGS = YES;
				MTL_ENABLE_DEBUG_INFO = NO;
				MTL_FAST_MATH = YES;
				SDKROOT = iphoneos;
				SWIFT_COMPILATION_MODE = wholemodule;
				VALIDATE_PRODUCT = YES;
			};
			name = Release;
		};
		741A61272C00DE90002EC67D /* Debug */ = {
			isa = XCBuildConfiguration;
			buildSettings = {
				ASSETCATALOG_COMPILER_APPICON_NAME = AppIcon;
				ASSETCATALOG_COMPILER_GLOBAL_ACCENT_COLOR_NAME = AccentColor;
				CODE_SIGN_STYLE = Automatic;
				CURRENT_PROJECT_VERSION = 1;
				DEVELOPMENT_ASSET_PATHS = "\"OfflinePhotoCleaner/Preview Content\"";
				DEVELOPMENT_TEAM = ZTQYTWT923;
				ENABLE_PREVIEWS = YES;
				GENERATE_INFOPLIST_FILE = YES;
				INFOPLIST_KEY_CFBundleDisplayName = "オフライン断写離";
				INFOPLIST_KEY_LSApplicationCategoryType = "public.app-category.utilities";
				INFOPLIST_KEY_UIApplicationSceneManifest_Generation = YES;
				INFOPLIST_KEY_UIApplicationSupportsIndirectInputEvents = YES;
				INFOPLIST_KEY_UILaunchScreen_Generation = YES;
				INFOPLIST_KEY_UISupportedInterfaceOrientations_iPad = "UIInterfaceOrientationPortrait UIInterfaceOrientationPortraitUpsideDown UIInterfaceOrientationLandscapeLeft UIInterfaceOrientationLandscapeRight";
				INFOPLIST_KEY_UISupportedInterfaceOrientations_iPhone = "UIInterfaceOrientationPortrait UIInterfaceOrientationLandscapeLeft UIInterfaceOrientationLandscapeRight";
				IPHONEOS_DEPLOYMENT_TARGET = 17.0;
				LD_RUNPATH_SEARCH_PATHS = (
					"$(inherited)",
					"@executable_path/Frameworks",
				);
				MARKETING_VERSION = 1.0;
				PRODUCT_BUNDLE_IDENTIFIER = MayxYou.OfflinePhotoCleaner;
				PRODUCT_NAME = "$(TARGET_NAME)";
				SUPPORTED_PLATFORMS = "iphoneos iphonesimulator";
				SUPPORTS_MACCATALYST = NO;
				SUPPORTS_MAC_DESIGNED_FOR_IPHONE_IPAD = NO;
				SUPPORTS_XR_DESIGNED_FOR_IPHONE_IPAD = NO;
				SWIFT_EMIT_LOC_STRINGS = YES;
				SWIFT_VERSION = 5.0;
				TARGETED_DEVICE_FAMILY = "1,2";
			};
			name = Debug;
		};
		741A61282C00DE90002EC67D /* Release */ = {
			isa = XCBuildConfiguration;
			buildSettings = {
				ASSETCATALOG_COMPILER_APPICON_NAME = AppIcon;
				ASSETCATALOG_COMPILER_GLOBAL_ACCENT_COLOR_NAME = AccentColor;
				CODE_SIGN_STYLE = Automatic;
				CURRENT_PROJECT_VERSION = 1;
				DEVELOPMENT_ASSET_PATHS = "\"OfflinePhotoCleaner/Preview Content\"";
				DEVELOPMENT_TEAM = ZTQYTWT923;
				ENABLE_PREVIEWS = YES;
				GENERATE_INFOPLIST_FILE = YES;
				INFOPLIST_KEY_CFBundleDisplayName = "オフライン断写離";
				INFOPLIST_KEY_LSApplicationCategoryType = "public.app-category.utilities";
				INFOPLIST_KEY_UIApplicationSceneManifest_Generation = YES;
				INFOPLIST_KEY_UIApplicationSupportsIndirectInputEvents = YES;
				INFOPLIST_KEY_UILaunchScreen_Generation = YES;
				INFOPLIST_KEY_UISupportedInterfaceOrientations_iPad = "UIInterfaceOrientationPortrait UIInterfaceOrientationPortraitUpsideDown UIInterfaceOrientationLandscapeLeft UIInterfaceOrientationLandscapeRight";
				INFOPLIST_KEY_UISupportedInterfaceOrientations_iPhone = "UIInterfaceOrientationPortrait UIInterfaceOrientationLandscapeLeft UIInterfaceOrientationLandscapeRight";
				IPHONEOS_DEPLOYMENT_TARGET = 17.0;
				LD_RUNPATH_SEARCH_PATHS = (
					"$(inherited)",
					"@executable_path/Frameworks",
				);
				MARKETING_VERSION = 1.0;
				PRODUCT_BUNDLE_IDENTIFIER = MayxYou.OfflinePhotoCleaner;
				PRODUCT_NAME = "$(TARGET_NAME)";
				SUPPORTED_PLATFORMS = "iphoneos iphonesimulator";
				SUPPORTS_MACCATALYST = NO;
				SUPPORTS_MAC_DESIGNED_FOR_IPHONE_IPAD = NO;
				SUPPORTS_XR_DESIGNED_FOR_IPHONE_IPAD = NO;
				SWIFT_EMIT_LOC_STRINGS = YES;
				SWIFT_VERSION = 5.0;
				TARGETED_DEVICE_FAMILY = "1,2";
			};
			name = Release;
		};
/* End XCBuildConfiguration section */

/* Begin XCConfigurationList section */
		741A61112C00DE8F002EC67D /* Build configuration list for PBXProject "OfflinePhotoCleaner" */ = {
			isa = XCConfigurationList;
			buildConfigurations = (
				741A61242C00DE90002EC67D /* Debug */,
				741A61252C00DE90002EC67D /* Release */,
			);
			defaultConfigurationIsVisible = 0;
			defaultConfigurationName = Release;
		};
		741A61262C00DE90002EC67D /* Build configuration list for PBXNativeTarget "OfflinePhotoCleaner" */ = {
			isa = XCConfigurationList;
			buildConfigurations = (
				741A61272C00DE90002EC67D /* Debug */,
				741A61282C00DE90002EC67D /* Release */,
			);
			defaultConfigurationIsVisible = 0;
			defaultConfigurationName = Release;
		};
/* End XCConfigurationList section */

/* Begin XCRemoteSwiftPackageReference section */
		741A612D2C00EE4F002EC67D /* XCRemoteSwiftPackageReference "swiftimagehash" */ = {
			isa = XCRemoteSwiftPackageReference;
			repositoryURL = "https://github.com/TokyoWolFrog/swiftimagehash.git";
			requirement = {
				kind = exactVersion;
				version = 0.1.4;
			};
		};
		741A61372C00F609002EC67D /* XCRemoteSwiftPackageReference "SwiftPhashBKtree" */ = {
			isa = XCRemoteSwiftPackageReference;
			repositoryURL = "https://github.com/TokyoWolFrog/SwiftPhashBKtree.git";
			requirement = {
				kind = exactVersion;
				version = 0.1.1;
			};
		};
/* End XCRemoteSwiftPackageReference section */

/* Begin XCSwiftPackageProductDependency section */
		741A61322C00F155002EC67D /* SwiftImageHash */ = {
			isa = XCSwiftPackageProductDependency;
			package = 741A612D2C00EE4F002EC67D /* XCRemoteSwiftPackageReference "swiftimagehash" */;
			productName = SwiftImageHash;
		};
		741A61352C00F3D1002EC67D /* SwiftImageHash */ = {
			isa = XCSwiftPackageProductDependency;
			package = 741A612D2C00EE4F002EC67D /* XCRemoteSwiftPackageReference "swiftimagehash" */;
			productName = SwiftImageHash;
		};
		741A61382C00F609002EC67D /* SwiftPhashBKtree */ = {
			isa = XCSwiftPackageProductDependency;
			package = 741A61372C00F609002EC67D /* XCRemoteSwiftPackageReference "SwiftPhashBKtree" */;
			productName = SwiftPhashBKtree;
		};
/* End XCSwiftPackageProductDependency section */
	};
	rootObject = 741A610E2C00DE8F002EC67D /* Project object */;
}
